
Microsoft Visual Studio Solution File, Format Version 12.00
# Visual Studio Version 16
VisualStudioVersion = 16.0.29230.47
MinimumVisualStudioVersion = 10.0.40219.1
Project("{FAE04EC0-301F-11D3-BF4B-00C04F79EFBC}") = "Mestrado", "Mestrado.csproj", "{32206410-18AF-4234-9077-E19CAA513780}"
EndProject
Global
	GlobalSection(SolutionConfigurationPlatforms) = preSolution
		Debug|Any CPU = Debug|Any CPU
		Release|Any CPU = Release|Any CPU
	EndGlobalSection
	GlobalSection(ProjectConfigurationPlatforms) = postSolution
		{32206410-18AF-4234-9077-E19CAA513780}.Debug|Any CPU.ActiveCfg = Debug|Any CPU
		{32206410-18AF-4234-9077-E19CAA513780}.Debug|Any CPU.Build.0 = Debug|Any CPU
		{32206410-18AF-4234-9077-E19CAA513780}.Release|Any CPU.ActiveCfg = Release|Any CPU
		{32206410-18AF-4234-9077-E19CAA513780}.Release|Any CPU.Build.0 = Release|Any CPU
	EndGlobalSection
	GlobalSection(SolutionProperties) = preSolution
		HideSolutionNode = FALSE
	EndGlobalSection
	GlobalSection(ExtensibilityGlobals) = postSolution
		SolutionGuid = {2C8AB65C-09B1-4419-9B5D-867104B13C5F}
	EndGlobalSection
EndGlobal
